{
    "_readme": [
        "This file locks the dependencies of your project to a known state",
        "Read more about it at http://getcomposer.org/doc/01-basic-usage.md#composer-lock-the-lock-file",
        "This file is @generated automatically"
    ],
    "hash": "4fcb35f2ae36756bfaf33d61f716fbc6",
    "packages": [
        {
            "name": "kdyby/console",
            "version": "dev-nette-2.1",
            "source": {
                "type": "git",
                "url": "https://github.com/Kdyby/Console.git",
                "reference": "ad4016fe09d3db67729c62d6def52e57c1150c35"
            },
            "dist": {
                "type": "zip",
                "url": "https://api.github.com/repos/Kdyby/Console/zipball/ad4016fe09d3db67729c62d6def52e57c1150c35",
                "reference": "ad4016fe09d3db67729c62d6def52e57c1150c35",
                "shasum": ""
            },
            "require": {
                "nette/nette": "2.1.*@dev",
                "symfony/console": "~2.5"
            },
            "require-dev": {
                "jakub-onderka/php-parallel-lint": "~0.7",
                "kdyby/events": "2.1.*@dev",
                "nette/tester": "@dev",
                "symfony/event-dispatcher": "~2.4"
            },
            "type": "library",
            "extra": {
                "branch-alias": {
                    "dev-master": "2.2-dev"
                }
            },
            "autoload": {
                "psr-0": {
                    "Kdyby\\Console\\": "src/"
                },
                "classmap": [
                    "src/Kdyby/Console/CliPresenter.php",
                    "src/Kdyby/Console/exceptions.php"
                ]
            },
            "notification-url": "https://packagist.org/downloads/",
            "license": [
                "BSD-3-Clause",
                "GPL-2.0",
                "GPL-3.0"
            ],
            "authors": [
                {
                    "name": "Filip Procházka",
                    "email": "filip@prochazka.su",
                    "homepage": "http://filip-prochazka.com"
                }
            ],
            "description": "Symfony Console integration for Kdyby components",
            "homepage": "http://kdyby.org",
            "keywords": [
                "console",
                "kdyby",
                "nette"
            ],
            "time": "2014-07-27 21:40:58"
        },
        {
            "name": "kdyby/events",
            "version": "dev-nette-2.1",
            "source": {
                "type": "git",
                "url": "https://github.com/Kdyby/Events.git",
                "reference": "02f30a3822a1e166927efd7f9241484f0c8b685c"
            },
            "dist": {
                "type": "zip",
                "url": "https://api.github.com/repos/Kdyby/Events/zipball/02f30a3822a1e166927efd7f9241484f0c8b685c",
                "reference": "02f30a3822a1e166927efd7f9241484f0c8b685c",
                "shasum": ""
            },
            "require": {
                "nette/nette": "2.1.*@dev"
            },
            "require-dev": {
                "jakub-onderka/php-parallel-lint": "~0.7",
                "nette/tester": "@dev",
                "symfony/event-dispatcher": "~2.4"
            },
            "type": "library",
            "extra": {
                "branch-alias": {
                    "dev-master": "2.1-dev"
                }
            },
            "autoload": {
                "psr-0": {
                    "Kdyby\\Events\\": "src/"
                },
                "classmap": [
                    "src/Kdyby/Events/exceptions.php"
                ],
                "files": [
                    "src/Doctrine/compatibility.php"
                ]
            },
            "notification-url": "https://packagist.org/downloads/",
            "license": [
                "BSD-3-Clause",
                "GPL-2.0",
                "GPL-3.0"
            ],
            "authors": [
                {
                    "name": "Filip Procházka",
                    "email": "filip@prochazka.su",
                    "homepage": "http://filip-prochazka.com"
                }
            ],
            "description": "Events for Nette Framework",
            "homepage": "http://kdyby.org",
            "keywords": [
                "kdyby",
                "nette"
            ],
            "time": "2014-08-30 16:28:42"
        },
        {
            "name": "nette/nette",
            "version": "2.1.x-dev",
            "source": {
                "type": "git",
                "url": "https://github.com/nette/nette.git",
                "reference": "ba6ce49492700fb36ea97e4c3ad9a6dcef068362"
            },
            "dist": {
                "type": "zip",
                "url": "https://api.github.com/repos/nette/nette/zipball/ba6ce49492700fb36ea97e4c3ad9a6dcef068362",
                "reference": "ba6ce49492700fb36ea97e4c3ad9a6dcef068362",
                "shasum": ""
            },
            "require": {
                "ext-iconv": "*",
                "ext-tokenizer": "*",
                "php": ">=5.3.1"
            },
            "require-dev": {
                "nette/tester": "~1.1"
            },
            "suggest": {
                "ext-fileinfo": "",
                "ext-gd": "",
                "ext-mbstring": "",
                "ext-pdo": ""
            },
            "type": "library",
            "autoload": {
                "classmap": [
                    "Nette/"
                ],
                "files": [
                    "Nette/common/shortcuts.php"
                ]
            },
            "notification-url": "https://packagist.org/downloads/",
            "license": [
                "BSD-3-Clause",
                "GPL-2.0",
                "GPL-3.0"
            ],
            "authors": [
                {
                    "name": "David Grudl",
                    "homepage": "http://davidgrudl.com"
                },
                {
                    "name": "Nette Community",
                    "homepage": "http://nette.org/contributors"
                }
            ],
            "description": "Nette Framework - innovative framework for fast and easy development of secured web applications in PHP. Write less, have cleaner code and your work will bring you joy.",
            "homepage": "http://nette.org",
            "keywords": [
                "Forms",
                "database",
                "debugging",
                "framework",
                "mailing",
                "mvc",
                "templating"
            ],
            "time": "2014-08-28 11:11:29"
        },
        {
            "name": "stekycz/cronner",
            "version": "dev-nette-2.1",
            "source": {
                "type": "git",
                "url": "https://github.com/stekycz/Cronner.git",
                "reference": "ee3c11ad338eee4303f8480b3e6f5f197e023742"
            },
            "dist": {
                "type": "zip",
                "url": "https://api.github.com/repos/stekycz/Cronner/zipball/ee3c11ad338eee4303f8480b3e6f5f197e023742",
                "reference": "ee3c11ad338eee4303f8480b3e6f5f197e023742",
                "shasum": ""
            },
            "require": {
                "nette/nette": "~2.1",
                "php": ">=5.3.3"
            },
            "require-dev": {
                "jakub-onderka/php-parallel-lint": "~0.7",
                "janmarek/mockista": "~1.0",
                "nette/tester": "~1.2"
            },
            "suggest": {
                "kdyby/console": "Symfony Console integration for Kdyby components",
                "kdyby/events": "Events for Nette Framework"
            },
            "type": "nette-addon",
            "autoload": {
                "classmap": [
                    "Cronner/"
                ]
            },
            "notification-url": "https://packagist.org/downloads/",
            "license": [
                "MIT"
            ],
            "authors": [
                {
                    "name": "Martin Štekl",
                    "email": "martin.stekl@gmail.com",
                    "role": "Developer"
                }
            ],
            "description": "Simple tool which helps with maintenance of cron tasks.",
            "keywords": [
                "cron",
                "manager",
                "nette",
                "task"
            ],
            "time": "2014-09-25 19:47:58"
        },
        {
            "name": "symfony/console",
            "version": "dev-master",
            "target-dir": "Symfony/Component/Console",
            "source": {
                "type": "git",
                "url": "https://github.com/symfony/Console.git",
                "reference": "700dbb7648e89d0c8ce5337a9febc18dc84bcb6e"
            },
            "dist": {
                "type": "zip",
                "url": "https://api.github.com/repos/symfony/Console/zipball/700dbb7648e89d0c8ce5337a9febc18dc84bcb6e",
                "reference": "700dbb7648e89d0c8ce5337a9febc18dc84bcb6e",
                "shasum": ""
            },
            "require": {
                "php": ">=5.3.3"
            },
            "require-dev": {
                "psr/log": "~1.0",
                "symfony/event-dispatcher": "~2.1",
                "symfony/process": "~2.1"
            },
            "suggest": {
                "psr/log": "For using the console logger",
                "symfony/event-dispatcher": "",
                "symfony/process": ""
            },
            "type": "library",
            "extra": {
                "branch-alias": {
                    "dev-master": "2.6-dev"
                }
            },
            "autoload": {
                "psr-0": {
                    "Symfony\\Component\\Console\\": ""
                }
            },
            "notification-url": "https://packagist.org/downloads/",
            "license": [
                "MIT"
            ],
            "authors": [
                {
                    "name": "Symfony Community",
                    "homepage": "http://symfony.com/contributors"
                },
                {
                    "name": "Fabien Potencier",
                    "email": "fabien@symfony.com"
                }
            ],
            "description": "Symfony Console Component",
            "homepage": "http://symfony.com",
            "time": "2014-09-25 10:18:55"
        }
    ],
    "packages-dev": [
        {
            "name": "nette/tester",
            "version": "dev-master",
            "source": {
                "type": "git",
                "url": "https://github.com/nette/tester.git",
                "reference": "69b5bacfd31e079efecc856ff84ef4804f6be76a"
            },
            "dist": {
                "type": "zip",
                "url": "https://api.github.com/repos/nette/tester/zipball/69b5bacfd31e079efecc856ff84ef4804f6be76a",
                "reference": "69b5bacfd31e079efecc856ff84ef4804f6be76a",
                "shasum": ""
            },
            "require": {
                "php": ">=5.3.0"
            },
            "bin": [
                "Tester/tester"
            ],
            "type": "library",
            "extra": {
                "branch-alias": {
                    "dev-master": "1.2-dev"
                }
            },
            "autoload": {
                "classmap": [
                    "Tester/"
                ]
            },
            "notification-url": "https://packagist.org/downloads/",
            "license": [
                "BSD-3-Clause",
                "GPL-2.0",
                "GPL-3.0"
            ],
            "authors": [
                {
                    "name": "David Grudl",
                    "homepage": "http://davidgrudl.com"
                },
                {
                    "name": "Nette Community",
                    "homepage": "http://nette.org/contributors"
                }
            ],
            "description": "An easy-to-use PHP unit testing framework.",
            "homepage": "http://nette.org",
            "keywords": [
                "nette",
                "testing",
                "unit"
            ],
            "time": "2014-09-23 11:02:08"
        }
    ],
    "aliases": [],
    "minimum-stability": "dev",
    "stability-flags": {
        "stekycz/cronner": 20,
        "kdyby/console": 20,
        "kdyby/events": 20
    },
    "prefer-stable": false,
    "platform": {
        "php": ">= 5.3.7"
    },
    "platform-dev": []
}
